
Microsoft Visual Studio Solution File, Format Version 12.00
# Visual Studio 15
VisualStudioVersion = 15.0.26124.0
MinimumVisualStudioVersion = 15.0.26124.0
Project("{2150E333-8FDC-42A3-9474-1A3956D46DE8}") = "src", "src", "{EF43AEB0-564A-40B5-A26E-E4CDA4FE58D1}"
EndProject
Project("{FAE04EC0-301F-11D3-BF4B-00C04F79EFBC}") = "Doom.Api", "src\Doom.Api\Doom.Api.csproj", "{60F0B1D5-077C-45CA-B00C-1DCCDA9443D3}"
EndProject
Project("{FAE04EC0-301F-11D3-BF4B-00C04F79EFBC}") = "Doom.Common", "src\Doom.Common\Doom.Common.csproj", "{B8BAC91D-A644-41CE-834B-596AB1C9AFEB}"
EndProject
Project("{FAE04EC0-301F-11D3-BF4B-00C04F79EFBC}") = "Doom.Services.Identity", "src\Doom.Services.Identity\Doom.Services.Identity.csproj", "{234A3449-E892-466C-85D9-B1346352ACFC}"
EndProject
Project("{FAE04EC0-301F-11D3-BF4B-00C04F79EFBC}") = "Doom.Services.Activities", "src\Doom.Services.Activities\Doom.Services.Activities.csproj", "{02F15470-0F74-4E3A-802B-9847CBEFFA58}"
EndProject
Global
	GlobalSection(SolutionConfigurationPlatforms) = preSolution
		Debug|Any CPU = Debug|Any CPU
		Debug|x64 = Debug|x64
		Debug|x86 = Debug|x86
		Release|Any CPU = Release|Any CPU
		Release|x64 = Release|x64
		Release|x86 = Release|x86
	EndGlobalSection
	GlobalSection(SolutionProperties) = preSolution
		HideSolutionNode = FALSE
	EndGlobalSection
	GlobalSection(ProjectConfigurationPlatforms) = postSolution
		{60F0B1D5-077C-45CA-B00C-1DCCDA9443D3}.Debug|Any CPU.ActiveCfg = Debug|Any CPU
		{60F0B1D5-077C-45CA-B00C-1DCCDA9443D3}.Debug|Any CPU.Build.0 = Debug|Any CPU
		{60F0B1D5-077C-45CA-B00C-1DCCDA9443D3}.Debug|x64.ActiveCfg = Debug|Any CPU
		{60F0B1D5-077C-45CA-B00C-1DCCDA9443D3}.Debug|x64.Build.0 = Debug|Any CPU
		{60F0B1D5-077C-45CA-B00C-1DCCDA9443D3}.Debug|x86.ActiveCfg = Debug|Any CPU
		{60F0B1D5-077C-45CA-B00C-1DCCDA9443D3}.Debug|x86.Build.0 = Debug|Any CPU
		{60F0B1D5-077C-45CA-B00C-1DCCDA9443D3}.Release|Any CPU.ActiveCfg = Release|Any CPU
		{60F0B1D5-077C-45CA-B00C-1DCCDA9443D3}.Release|Any CPU.Build.0 = Release|Any CPU
		{60F0B1D5-077C-45CA-B00C-1DCCDA9443D3}.Release|x64.ActiveCfg = Release|Any CPU
		{60F0B1D5-077C-45CA-B00C-1DCCDA9443D3}.Release|x64.Build.0 = Release|Any CPU
		{60F0B1D5-077C-45CA-B00C-1DCCDA9443D3}.Release|x86.ActiveCfg = Release|Any CPU
		{60F0B1D5-077C-45CA-B00C-1DCCDA9443D3}.Release|x86.Build.0 = Release|Any CPU
		{B8BAC91D-A644-41CE-834B-596AB1C9AFEB}.Debug|Any CPU.ActiveCfg = Debug|Any CPU
		{B8BAC91D-A644-41CE-834B-596AB1C9AFEB}.Debug|Any CPU.Build.0 = Debug|Any CPU
		{B8BAC91D-A644-41CE-834B-596AB1C9AFEB}.Debug|x64.ActiveCfg = Debug|Any CPU
		{B8BAC91D-A644-41CE-834B-596AB1C9AFEB}.Debug|x64.Build.0 = Debug|Any CPU
		{B8BAC91D-A644-41CE-834B-596AB1C9AFEB}.Debug|x86.ActiveCfg = Debug|Any CPU
		{B8BAC91D-A644-41CE-834B-596AB1C9AFEB}.Debug|x86.Build.0 = Debug|Any CPU
		{B8BAC91D-A644-41CE-834B-596AB1C9AFEB}.Release|Any CPU.ActiveCfg = Release|Any CPU
		{B8BAC91D-A644-41CE-834B-596AB1C9AFEB}.Release|Any CPU.Build.0 = Release|Any CPU
		{B8BAC91D-A644-41CE-834B-596AB1C9AFEB}.Release|x64.ActiveCfg = Release|Any CPU
		{B8BAC91D-A644-41CE-834B-596AB1C9AFEB}.Release|x64.Build.0 = Release|Any CPU
		{B8BAC91D-A644-41CE-834B-596AB1C9AFEB}.Release|x86.ActiveCfg = Release|Any CPU
		{B8BAC91D-A644-41CE-834B-596AB1C9AFEB}.Release|x86.Build.0 = Release|Any CPU
		{234A3449-E892-466C-85D9-B1346352ACFC}.Debug|Any CPU.ActiveCfg = Debug|Any CPU
		{234A3449-E892-466C-85D9-B1346352ACFC}.Debug|Any CPU.Build.0 = Debug|Any CPU
		{234A3449-E892-466C-85D9-B1346352ACFC}.Debug|x64.ActiveCfg = Debug|Any CPU
		{234A3449-E892-466C-85D9-B1346352ACFC}.Debug|x64.Build.0 = Debug|Any CPU
		{234A3449-E892-466C-85D9-B1346352ACFC}.Debug|x86.ActiveCfg = Debug|Any CPU
		{234A3449-E892-466C-85D9-B1346352ACFC}.Debug|x86.Build.0 = Debug|Any CPU
		{234A3449-E892-466C-85D9-B1346352ACFC}.Release|Any CPU.ActiveCfg = Release|Any CPU
		{234A3449-E892-466C-85D9-B1346352ACFC}.Release|Any CPU.Build.0 = Release|Any CPU
		{234A3449-E892-466C-85D9-B1346352ACFC}.Release|x64.ActiveCfg = Release|Any CPU
		{234A3449-E892-466C-85D9-B1346352ACFC}.Release|x64.Build.0 = Release|Any CPU
		{234A3449-E892-466C-85D9-B1346352ACFC}.Release|x86.ActiveCfg = Release|Any CPU
		{234A3449-E892-466C-85D9-B1346352ACFC}.Release|x86.Build.0 = Release|Any CPU
		{02F15470-0F74-4E3A-802B-9847CBEFFA58}.Debug|Any CPU.ActiveCfg = Debug|Any CPU
		{02F15470-0F74-4E3A-802B-9847CBEFFA58}.Debug|Any CPU.Build.0 = Debug|Any CPU
		{02F15470-0F74-4E3A-802B-9847CBEFFA58}.Debug|x64.ActiveCfg = Debug|Any CPU
		{02F15470-0F74-4E3A-802B-9847CBEFFA58}.Debug|x64.Build.0 = Debug|Any CPU
		{02F15470-0F74-4E3A-802B-9847CBEFFA58}.Debug|x86.ActiveCfg = Debug|Any CPU
		{02F15470-0F74-4E3A-802B-9847CBEFFA58}.Debug|x86.Build.0 = Debug|Any CPU
		{02F15470-0F74-4E3A-802B-9847CBEFFA58}.Release|Any CPU.ActiveCfg = Release|Any CPU
		{02F15470-0F74-4E3A-802B-9847CBEFFA58}.Release|Any CPU.Build.0 = Release|Any CPU
		{02F15470-0F74-4E3A-802B-9847CBEFFA58}.Release|x64.ActiveCfg = Release|Any CPU
		{02F15470-0F74-4E3A-802B-9847CBEFFA58}.Release|x64.Build.0 = Release|Any CPU
		{02F15470-0F74-4E3A-802B-9847CBEFFA58}.Release|x86.ActiveCfg = Release|Any CPU
		{02F15470-0F74-4E3A-802B-9847CBEFFA58}.Release|x86.Build.0 = Release|Any CPU
	EndGlobalSection
	GlobalSection(NestedProjects) = preSolution
		{60F0B1D5-077C-45CA-B00C-1DCCDA9443D3} = {EF43AEB0-564A-40B5-A26E-E4CDA4FE58D1}
		{B8BAC91D-A644-41CE-834B-596AB1C9AFEB} = {EF43AEB0-564A-40B5-A26E-E4CDA4FE58D1}
		{234A3449-E892-466C-85D9-B1346352ACFC} = {EF43AEB0-564A-40B5-A26E-E4CDA4FE58D1}
		{02F15470-0F74-4E3A-802B-9847CBEFFA58} = {EF43AEB0-564A-40B5-A26E-E4CDA4FE58D1}
	EndGlobalSection
EndGlobal
